
Microsoft Visual Studio Solution File, Format Version 12.00
# Visual Studio 15
VisualStudioVersion = 15.0.27004.2009
MinimumVisualStudioVersion = 10.0.40219.1
Project("{FAE04EC0-301F-11D3-BF4B-00C04F79EFBC}") = "AirForce", "AirForce\AirForce.csproj", "{BB9856E2-3E2A-4DE4-B25A-1ACB865B5333}"
EndProject
Global
	GlobalSection(SolutionConfigurationPlatforms) = preSolution
		Debug|Any CPU = Debug|Any CPU
		Release|Any CPU = Release|Any CPU
	EndGlobalSection
	GlobalSection(ProjectConfigurationPlatforms) = postSolution
		{BB9856E2-3E2A-4DE4-B25A-1ACB865B5333}.Debug|Any CPU.ActiveCfg = Debug|Any CPU
		{BB9856E2-3E2A-4DE4-B25A-1ACB865B5333}.Debug|Any CPU.Build.0 = Debug|Any CPU
		{BB9856E2-3E2A-4DE4-B25A-1ACB865B5333}.Release|Any CPU.ActiveCfg = Release|Any CPU
		{BB9856E2-3E2A-4DE4-B25A-1ACB865B5333}.Release|Any CPU.Build.0 = Release|Any CPU
	EndGlobalSection
	GlobalSection(SolutionProperties) = preSolution
		HideSolutionNode = FALSE
	EndGlobalSection
	GlobalSection(ExtensibilityGlobals) = postSolution
		SolutionGuid = {A36556CA-C7FC-4D7F-AC85-CB27E9D8FBD4}
	EndGlobalSection
EndGlobal
